
Microsoft Visual Studio Solution File, Format Version 12.00
# Visual Studio 15
VisualStudioVersion = 15.0.28307.271
MinimumVisualStudioVersion = 10.0.40219.1
Project("{FAE04EC0-301F-11D3-BF4B-00C04F79EFBC}") = "getSystemInfo_cli", "getSystemInfo_cli\getSystemInfo_cli.csproj", "{EC1F069E-004C-4F1C-BB76-ACB0CCCD346C}"
EndProject
Project("{FAE04EC0-301F-11D3-BF4B-00C04F79EFBC}") = "systemResourceMonitor_cli", "systemResourceMonitor_cli\systemResourceMonitor_cli.csproj", "{6FC21301-BCBE-47FA-B276-2761DF2E1C3A}"
EndProject
Global
	GlobalSection(SolutionConfigurationPlatforms) = preSolution
		Debug|Any CPU = Debug|Any CPU
		Release|Any CPU = Release|Any CPU
	EndGlobalSection
	GlobalSection(ProjectConfigurationPlatforms) = postSolution
		{EC1F069E-004C-4F1C-BB76-ACB0CCCD346C}.Debug|Any CPU.ActiveCfg = Debug|Any CPU
		{EC1F069E-004C-4F1C-BB76-ACB0CCCD346C}.Debug|Any CPU.Build.0 = Debug|Any CPU
		{EC1F069E-004C-4F1C-BB76-ACB0CCCD346C}.Release|Any CPU.ActiveCfg = Release|Any CPU
		{EC1F069E-004C-4F1C-BB76-ACB0CCCD346C}.Release|Any CPU.Build.0 = Release|Any CPU
		{6FC21301-BCBE-47FA-B276-2761DF2E1C3A}.Debug|Any CPU.ActiveCfg = Debug|Any CPU
		{6FC21301-BCBE-47FA-B276-2761DF2E1C3A}.Debug|Any CPU.Build.0 = Debug|Any CPU
		{6FC21301-BCBE-47FA-B276-2761DF2E1C3A}.Release|Any CPU.ActiveCfg = Release|Any CPU
		{6FC21301-BCBE-47FA-B276-2761DF2E1C3A}.Release|Any CPU.Build.0 = Release|Any CPU
	EndGlobalSection
	GlobalSection(SolutionProperties) = preSolution
		HideSolutionNode = FALSE
	EndGlobalSection
	GlobalSection(ExtensibilityGlobals) = postSolution
		SolutionGuid = {C70A65A3-AAF6-4315-824B-6C3978CE7A3D}
	EndGlobalSection
EndGlobal
